
Microsoft Visual Studio Solution File, Format Version 12.00
# Visual Studio Version 16
VisualStudioVersion = 16.0.31129.286
MinimumVisualStudioVersion = 10.0.40219.1
Project("{FAE04EC0-301F-11D3-BF4B-00C04F79EFBC}") = "TicketsBk", "TicketsBk\TicketsBk.csproj", "{0AB232B6-5596-4F3F-A17F-C3C2CE55B14D}"
EndProject
Global
	GlobalSection(SolutionConfigurationPlatforms) = preSolution
		Debug|Any CPU = Debug|Any CPU
		Release|Any CPU = Release|Any CPU
	EndGlobalSection
	GlobalSection(ProjectConfigurationPlatforms) = postSolution
		{0AB232B6-5596-4F3F-A17F-C3C2CE55B14D}.Debug|Any CPU.ActiveCfg = Debug|Any CPU
		{0AB232B6-5596-4F3F-A17F-C3C2CE55B14D}.Debug|Any CPU.Build.0 = Debug|Any CPU
		{0AB232B6-5596-4F3F-A17F-C3C2CE55B14D}.Release|Any CPU.ActiveCfg = Release|Any CPU
		{0AB232B6-5596-4F3F-A17F-C3C2CE55B14D}.Release|Any CPU.Build.0 = Release|Any CPU
	EndGlobalSection
	GlobalSection(SolutionProperties) = preSolution
		HideSolutionNode = FALSE
	EndGlobalSection
	GlobalSection(ExtensibilityGlobals) = postSolution
		SolutionGuid = {B40F3AEA-6034-44AE-B65B-0EEE6588C159}
	EndGlobalSection
EndGlobal
